
Microsoft Visual Studio Solution File, Format Version 12.00
# Visual Studio Version 16
VisualStudioVersion = 16.0.31605.320
MinimumVisualStudioVersion = 10.0.40219.1
Project("{FAE04EC0-301F-11D3-BF4B-00C04F79EFBC}") = "EjercicioXIX", "EjercicioXIX\EjercicioXIX.csproj", "{C36BA326-D840-4DDB-9B57-1F89A4668732}"
EndProject
Global
	GlobalSection(SolutionConfigurationPlatforms) = preSolution
		Debug|Any CPU = Debug|Any CPU
		Release|Any CPU = Release|Any CPU
	EndGlobalSection
	GlobalSection(ProjectConfigurationPlatforms) = postSolution
		{C36BA326-D840-4DDB-9B57-1F89A4668732}.Debug|Any CPU.ActiveCfg = Debug|Any CPU
		{C36BA326-D840-4DDB-9B57-1F89A4668732}.Debug|Any CPU.Build.0 = Debug|Any CPU
		{C36BA326-D840-4DDB-9B57-1F89A4668732}.Release|Any CPU.ActiveCfg = Release|Any CPU
		{C36BA326-D840-4DDB-9B57-1F89A4668732}.Release|Any CPU.Build.0 = Release|Any CPU
	EndGlobalSection
	GlobalSection(SolutionProperties) = preSolution
		HideSolutionNode = FALSE
	EndGlobalSection
	GlobalSection(ExtensibilityGlobals) = postSolution
		SolutionGuid = {9CDA0444-EC2A-428D-AB5B-BC7F9CF310E8}
	EndGlobalSection
EndGlobal
